// !$*UTF8*$!
{
	archiveVersion = 1;
	classes = {
	};
	objectVersion = 46;
	objects = {

/* Begin PBXBuildFile section */
		8FF123791E88802900756B26 /* AppDelegate.swift in Sources */ = {isa = PBXBuildFile; fileRef = 8FF123781E88802900756B26 /* AppDelegate.swift */; };
		8FF1237B1E88802900756B26 /* ViewController.swift in Sources */ = {isa = PBXBuildFile; fileRef = 8FF1237A1E88802900756B26 /* ViewController.swift */; };
		8FF1237E1E88802900756B26 /* Main.storyboard in Resources */ = {isa = PBXBuildFile; fileRef = 8FF1237C1E88802900756B26 /* Main.storyboard */; };
		8FF123801E88802900756B26 /* Assets.xcassets in Resources */ = {isa = PBXBuildFile; fileRef = 8FF1237F1E88802900756B26 /* Assets.xcassets */; };
		8FF123831E88802900756B26 /* LaunchScreen.storyboard in Resources */ = {isa = PBXBuildFile; fileRef = 8FF123811E88802900756B26 /* LaunchScreen.storyboard */; };
		8FF1238C1E88804800756B26 /* AUPickerCell.framework in Frameworks */ = {isa = PBXBuildFile; fileRef = 8FF1238B1E88804800756B26 /* AUPickerCell.framework */; };
/* End PBXBuildFile section */

/* Begin PBXFileReference section */
		8FF123751E88802900756B26 /* AUPickerCellExample.app */ = {isa = PBXFileReference; explicitFileType = wrapper.application; includeInIndex = 0; path = AUPickerCellExample.app; sourceTree = BUILT_PRODUCTS_DIR; };
		8FF123781E88802900756B26 /* AppDelegate.swift */ = {isa = PBXFileReference; lastKnownFileType = sourcecode.swift; path = AppDelegate.swift; sourceTree = "<group>"; };
		8FF1237A1E88802900756B26 /* ViewController.swift */ = {isa = PBXFileReference; lastKnownFileType = sourcecode.swift; path = ViewController.swift; sourceTree = "<group>"; };
		8FF1237D1E88802900756B26 /* Base */ = {isa = PBXFileReference; lastKnownFileType = file.storyboard; name = Base; path = Base.lproj/Main.storyboard; sourceTree = "<group>"; };
		8FF1237F1E88802900756B26 /* Assets.xcassets */ = {isa = PBXFileReference; lastKnownFileType = folder.assetcatalog; path = Assets.xcassets; sourceTree = "<group>"; };
		8FF123821E88802900756B26 /* Base */ = {isa = PBXFileReference; lastKnownFileType = file.storyboard; name = Base; path = Base.lproj/LaunchScreen.storyboard; sourceTree = "<group>"; };
		8FF123841E88802900756B26 /* Info.plist */ = {isa = PBXFileReference; lastKnownFileType = text.plist.xml; path = Info.plist; sourceTree = "<group>"; };
		8FF1238B1E88804800756B26 /* AUPickerCell.framework */ = {isa = PBXFileReference; lastKnownFileType = wrapper.framework; name = AUPickerCell.framework; path = "../../../../Library/Developer/Xcode/DerivedData/AUPickerCell-dpsqirgonscisyepwhxcntgruhfh/Build/Products/Debug-iphonesimulator/AUPickerCell.framework"; sourceTree = "<group>"; };
/* End PBXFileReference section */

/* Begin PBXFrameworksBuildPhase section */
		8FF123721E88802900756B26 /* Frameworks */ = {
			isa = PBXFrameworksBuildPhase;
			buildActionMask = 2147483647;
			files = (
				8FF1238C1E88804800756B26 /* AUPickerCell.framework in Frameworks */,
			);
			runOnlyForDeploymentPostprocessing = 0;
		};
/* End PBXFrameworksBuildPhase section */

/* Begin PBXGroup section */
		8FF1236C1E88802900756B26 = {
			isa = PBXGroup;
			children = (
				8FF123771E88802900756B26 /* AUPickerCellExample */,
				8FF1238A1E88804800756B26 /* Frameworks */,
				8FF123761E88802900756B26 /* Products */,
			);
			sourceTree = "<group>";
		};
		8FF123761E88802900756B26 /* Products */ = {
			isa = PBXGroup;
			children = (
				8FF123751E88802900756B26 /* AUPickerCellExample.app */,
			);
			name = Products;
			sourceTree = "<group>";
		};
		8FF123771E88802900756B26 /* AUPickerCellExample */ = {
			isa = PBXGroup;
			children = (
				8FF123781E88802900756B26 /* AppDelegate.swift */,
				8FF1237A1E88802900756B26 /* ViewController.swift */,
				8FF1237C1E88802900756B26 /* Main.storyboard */,
				8FF1237F1E88802900756B26 /* Assets.xcassets */,
				8FF123811E88802900756B26 /* LaunchScreen.storyboard */,
				8FF123841E88802900756B26 /* Info.plist */,
			);
			path = AUPickerCellExample;
			sourceTree = "<group>";
		};
		8FF1238A1E88804800756B26 /* Frameworks */ = {
			isa = PBXGroup;
			children = (
				8FF1238B1E88804800756B26 /* AUPickerCell.framework */,
			);
			name = Frameworks;
			sourceTree = "<group>";
		};
/* End PBXGroup section */

/* Begin PBXNativeTarget section */
		8FF123741E88802900756B26 /* AUPickerCellExample */ = {
			isa = PBXNativeTarget;
			buildConfigurationList = 8FF123871E88802900756B26 /* Build configuration list for PBXNativeTarget "AUPickerCellExample" */;
			buildPhases = (
				8FF123711E88802900756B26 /* Sources */,
				8FF123721E88802900756B26 /* Frameworks */,
				8FF123731E88802900756B26 /* Resources */,
			);
			buildRules = (
			);
			dependencies = (
			);
			name = AUPickerCellExample;
			productName = AUPickerCellExample;
			productReference = 8FF123751E88802900756B26 /* AUPickerCellExample.app */;
			productType = "com.apple.product-type.application";
		};
/* End PBXNativeTarget section */

/* Begin PBXProject section */
		8FF1236D1E88802900756B26 /* Project object */ = {
			isa = PBXProject;
			attributes = {
				LastSwiftUpdateCheck = 0820;
				LastUpgradeCheck = 0930;
				ORGANIZATIONNAME = "Aziz Uysal";
				TargetAttributes = {
					8FF123741E88802900756B26 = {
						CreatedOnToolsVersion = 8.2.1;
						LastSwiftMigration = 0930;
						ProvisioningStyle = Automatic;
					};
				};
			};
			buildConfigurationList = 8FF123701E88802900756B26 /* Build configuration list for PBXProject "AUPickerCellExample" */;
			compatibilityVersion = "Xcode 3.2";
			developmentRegion = English;
			hasScannedForEncodings = 0;
			knownRegions = (
				en,
				Base,
			);
			mainGroup = 8FF1236C1E88802900756B26;
			productRefGroup = 8FF123761E88802900756B26 /* Products */;
			projectDirPath = "";
			projectRoot = "";
			targets = (
				8FF123741E88802900756B26 /* AUPickerCellExample */,
			);
		};
/* End PBXProject section */

/* Begin PBXResourcesBuildPhase section */
		8FF123731E88802900756B26 /* Resources */ = {
			isa = PBXResourcesBuildPhase;
			buildActionMask = 2147483647;
			files = (
				8FF123831E88802900756B26 /* LaunchScreen.storyboard in Resources */,
				8FF123801E88802900756B26 /* Assets.xcassets in Resources */,
				8FF1237E1E88802900756B26 /* Main.storyboard in Resources */,
			);
			runOnlyForDeploymentPostprocessing = 0;
		};
/* End PBXResourcesBuildPhase section */

/* Begin PBXSourcesBuildPhase section */
		8FF123711E88802900756B26 /* Sources */ = {
			isa = PBXSourcesBuildPhase;
			buildActionMask = 2147483647;
			files = (
				8FF1237B1E88802900756B26 /* ViewController.swift in Sources */,
				8FF123791E88802900756B26 /* AppDelegate.swift in Sources */,
			);
			runOnlyForDeploymentPostprocessing = 0;
		};
/* End PBXSourcesBuildPhase section */

/* Begin PBXVariantGroup section */
		8FF1237C1E88802900756B26 /* Main.storyboard */ = {
			isa = PBXVariantGroup;
			children = (
				8FF1237D1E88802900756B26 /* Base */,
			);
			name = Main.storyboard;
			sourceTree = "<group>";
		};
		8FF123811E88802900756B26 /* LaunchScreen.storyboard */ = {
			isa = PBXVariantGroup;
			children = (
				8FF123821E88802900756B26 /* Base */,
			);
			name = LaunchScreen.storyboard;
			sourceTree = "<group>";
		};
/* End PBXVariantGroup section */

/* Begin XCBuildConfiguration section */
		8FF123851E88802900756B26 /* Debug */ = {
			isa = XCBuildConfiguration;
			buildSettings = {
				ALWAYS_SEARCH_USER_PATHS = NO;
				CLANG_ANALYZER_NONNULL = YES;
				CLANG_CXX_LANGUAGE_STANDARD = "gnu++0x";
				CLANG_CXX_LIBRARY = "libc++";
				CLANG_ENABLE_MODULES = YES;
				CLANG_ENABLE_OBJC_ARC = YES;
				CLANG_WARN_BLOCK_CAPTURE_AUTORELEASING = YES;
				CLANG_WARN_BOOL_CONVERSION = YES;
				CLANG_WARN_COMMA = YES;
				CLANG_WARN_CONSTANT_CONVERSION = YES;
				CLANG_WARN_DEPRECATED_OBJC_IMPLEMENTATIONS = YES;
				CLANG_WARN_DIRECT_OBJC_ISA_USAGE = YES_ERROR;
				CLANG_WARN_DOCUMENTATION_COMMENTS = YES;
				CLANG_WARN_EMPTY_BODY = YES;
				CLANG_WARN_ENUM_CONVERSION = YES;
				CLANG_WARN_INFINITE_RECURSION = YES;
				CLANG_WARN_INT_CONVERSION = YES;
				CLANG_WARN_NON_LITERAL_NULL_CONVERSION = YES;
				CLANG_WARN_OBJC_IMPLICIT_RETAIN_SELF = YES;
				CLANG_WARN_OBJC_LITERAL_CONVERSION = YES;
				CLANG_WARN_OBJC_ROOT_CLASS = YES_ERROR;
				CLANG_WARN_RANGE_LOOP_ANALYSIS = YES;
				CLANG_WARN_STRICT_PROTOTYPES = YES;
				CLANG_WARN_SUSPICIOUS_MOVE = YES;
				CLANG_WARN_UNREACHABLE_CODE = YES;
				CLANG_WARN__DUPLICATE_METHOD_MATCH = YES;
				"CODE_SIGN_IDENTITY[sdk=iphoneos*]" = "iPhone Developer";
				COPY_PHASE_STRIP = NO;
				DEBUG_INFORMATION_FORMAT = dwarf;
				ENABLE_STRICT_OBJC_MSGSEND = YES;
				ENABLE_TESTABILITY = YES;
				GCC_C_LANGUAGE_STANDARD = gnu99;
				GCC_DYNAMIC_NO_PIC = NO;
				GCC_NO_COMMON_BLOCKS = YES;
				GCC_OPTIMIZATION_LEVEL = 0;
				GCC_PREPROCESSOR_DEFINITIONS = (
					"DEBUG=1",
					"$(inherited)",
				);
				GCC_WARN_64_TO_32_BIT_CONVERSION = YES;
				GCC_WARN_ABOUT_RETURN_TYPE = YES_ERROR;
				GCC_WARN_UNDECLARED_SELECTOR = YES;
				GCC_WARN_UNINITIALIZED_AUTOS = YES_AGGRESSIVE;
				GCC_WARN_UNUSED_FUNCTION = YES;
				GCC_WARN_UNUSED_VARIABLE = YES;
				IPHONEOS_DEPLOYMENT_TARGET = 10.0;
				MTL_ENABLE_DEBUG_INFO = YES;
				ONLY_ACTIVE_ARCH = YES;
				SDKROOT = iphoneos;
				SWIFT_ACTIVE_COMPILATION_CONDITIONS = DEBUG;
				SWIFT_OPTIMIZATION_LEVEL = "-Onone";
			};
			name = Debug;
		};
		8FF123861E88802900756B26 /* Release */ = {
			isa = XCBuildConfiguration;
			buildSettings = {
				ALWAYS_SEARCH_USER_PATHS = NO;
				CLANG_ANALYZER_NONNULL = YES;
				CLANG_CXX_LANGUAGE_STANDARD = "gnu++0x";
				CLANG_CXX_LIBRARY = "libc++";
				CLANG_ENABLE_MODULES = YES;
				CLANG_ENABLE_OBJC_ARC = YES;
				CLANG_WARN_BLOCK_CAPTURE_AUTORELEASING = YES;
				CLANG_WARN_BOOL_CONVERSION = YES;
				CLANG_WARN_COMMA = YES;
				CLANG_WARN_CONSTANT_CONVERSION = YES;
				CLANG_WARN_DEPRECATED_OBJC_IMPLEMENTATIONS = YES;
				CLANG_WARN_DIRECT_OBJC_ISA_USAGE = YES_ERROR;
				CLANG_WARN_DOCUMENTATION_COMMENTS = YES;
				CLANG_WARN_EMPTY_BODY = YES;
				CLANG_WARN_ENUM_CONVERSION = YES;
				CLANG_WARN_INFINITE_RECURSION = YES;
				CLANG_WARN_INT_CONVERSION = YES;
				CLANG_WARN_NON_LITERAL_NULL_CONVERSION = YES;
				CLANG_WARN_OBJC_IMPLICIT_RETAIN_SELF = YES;
				CLANG_WARN_OBJC_LITERAL_CONVERSION = YES;
				CLANG_WARN_OBJC_ROOT_CLASS = YES_ERROR;
				CLANG_WARN_RANGE_LOOP_ANALYSIS = YES;
				CLANG_WARN_STRICT_PROTOTYPES = YES;
				CLANG_WARN_SUSPICIOUS_MOVE = YES;
				CLANG_WARN_UNREACHABLE_CODE = YES;
				CLANG_WARN__DUPLICATE_METHOD_MATCH = YES;
				"CODE_SIGN_IDENTITY[sdk=iphoneos*]" = "iPhone Developer";
				COPY_PHASE_STRIP = NO;
				DEBUG_INFORMATION_FORMAT = "dwarf-with-dsym";
				ENABLE_NS_ASSERTIONS = NO;
				ENABLE_STRICT_OBJC_MSGSEND = YES;
				GCC_C_LANGUAGE_STANDARD = gnu99;
				GCC_NO_COMMON_BLOCKS = YES;
				GCC_WARN_64_TO_32_BIT_CONVERSION = YES;
				GCC_WARN_ABOUT_RETURN_TYPE = YES_ERROR;
				GCC_WARN_UNDECLARED_SELECTOR = YES;
				GCC_WARN_UNINITIALIZED_AUTOS = YES_AGGRESSIVE;
				GCC_WARN_UNUSED_FUNCTION = YES;
				GCC_WARN_UNUSED_VARIABLE = YES;
				IPHONEOS_DEPLOYMENT_TARGET = 10.0;
				MTL_ENABLE_DEBUG_INFO = NO;
				SDKROOT = iphoneos;
				SWIFT_OPTIMIZATION_LEVEL = "-Owholemodule";
				VALIDATE_PRODUCT = YES;
			};
			name = Release;
		};
		8FF123881E88802900756B26 /* Debug */ = {
			isa = XCBuildConfiguration;
			buildSettings = {
				ASSETCATALOG_COMPILER_APPICON_NAME = AppIcon;
				INFOPLIST_FILE = AUPickerCellExample/Info.plist;
				LD_RUNPATH_SEARCH_PATHS = "$(inherited) @executable_path/Frameworks";
				PRODUCT_BUNDLE_IDENTIFIER = com.azizuysal.AUPickerCellExample;
				PRODUCT_NAME = "$(TARGET_NAME)";
				SWIFT_VERSION = 4.0;
			};
			name = Debug;
		};
		8FF123891E88802900756B26 /* Release */ = {
			isa = XCBuildConfiguration;
			buildSettings = {
				ASSETCATALOG_COMPILER_APPICON_NAME = AppIcon;
				INFOPLIST_FILE = AUPickerCellExample/Info.plist;
				LD_RUNPATH_SEARCH_PATHS = "$(inherited) @executable_path/Frameworks";
				PRODUCT_BUNDLE_IDENTIFIER = com.azizuysal.AUPickerCellExample;
				PRODUCT_NAME = "$(TARGET_NAME)";
				SWIFT_VERSION = 4.0;
			};
			name = Release;
		};
/* End XCBuildConfiguration section */

/* Begin XCConfigurationList section */
		8FF123701E88802900756B26 /* Build configuration list for PBXProject "AUPickerCellExample" */ = {
			isa = XCConfigurationList;
			buildConfigurations = (
				8FF123851E88802900756B26 /* Debug */,
				8FF123861E88802900756B26 /* Release */,
			);
			defaultConfigurationIsVisible = 0;
			defaultConfigurationName = Release;
		};
		8FF123871E88802900756B26 /* Build configuration list for PBXNativeTarget "AUPickerCellExample" */ = {
			isa = XCConfigurationList;
			buildConfigurations = (
				8FF123881E88802900756B26 /* Debug */,
				8FF123891E88802900756B26 /* Release */,
			);
			defaultConfigurationIsVisible = 0;
			defaultConfigurationName = Release;
		};
/* End XCConfigurationList section */
	};
	rootObject = 8FF1236D1E88802900756B26 /* Project object */;
}
